
Microsoft Visual Studio Solution File, Format Version 12.00
# Visual Studio Version 16
VisualStudioVersion = 16.0.30804.86
MinimumVisualStudioVersion = 10.0.40219.1
Project("{FAE04EC0-301F-11D3-BF4B-00C04F79EFBC}") = "EdwardHsu.Lab.TOTP", "EdwardHsu.Lab.TOTP\EdwardHsu.Lab.TOTP.csproj", "{7C8163CF-5B2C-4CF3-972B-C09FC04C6D7C}"
EndProject
Global
	GlobalSection(SolutionConfigurationPlatforms) = preSolution
		Debug|Any CPU = Debug|Any CPU
		Release|Any CPU = Release|Any CPU
	EndGlobalSection
	GlobalSection(ProjectConfigurationPlatforms) = postSolution
		{7C8163CF-5B2C-4CF3-972B-C09FC04C6D7C}.Debug|Any CPU.ActiveCfg = Debug|Any CPU
		{7C8163CF-5B2C-4CF3-972B-C09FC04C6D7C}.Debug|Any CPU.Build.0 = Debug|Any CPU
		{7C8163CF-5B2C-4CF3-972B-C09FC04C6D7C}.Release|Any CPU.ActiveCfg = Release|Any CPU
		{7C8163CF-5B2C-4CF3-972B-C09FC04C6D7C}.Release|Any CPU.Build.0 = Release|Any CPU
	EndGlobalSection
	GlobalSection(SolutionProperties) = preSolution
		HideSolutionNode = FALSE
	EndGlobalSection
	GlobalSection(ExtensibilityGlobals) = postSolution
		SolutionGuid = {0B9773B7-7BBB-4584-9744-072399663E26}
	EndGlobalSection
EndGlobal
